
Microsoft Visual Studio Solution File, Format Version 12.00
# Visual Studio Version 17
VisualStudioVersion = 17.0.31903.59
MinimumVisualStudioVersion = 10.0.40219.1
Project("{FAE04EC0-301F-11D3-BF4B-00C04F79EFBC}") = "essaiScript", "essaiScript\essaiScript.csproj", "{234D3124-6535-4C10-9305-256A1B6F91A0}"
EndProject
Project("{FAE04EC0-301F-11D3-BF4B-00C04F79EFBC}") = "Classes", "Classes\Classes.csproj", "{69515777-CDD9-4E07-917E-A9C36C49B7E0}"
EndProject
Global
	GlobalSection(SolutionConfigurationPlatforms) = preSolution
		Debug|Any CPU = Debug|Any CPU
		Release|Any CPU = Release|Any CPU
	EndGlobalSection
	GlobalSection(SolutionProperties) = preSolution
		HideSolutionNode = FALSE
	EndGlobalSection
	GlobalSection(ProjectConfigurationPlatforms) = postSolution
		{234D3124-6535-4C10-9305-256A1B6F91A0}.Debug|Any CPU.ActiveCfg = Debug|Any CPU
		{234D3124-6535-4C10-9305-256A1B6F91A0}.Debug|Any CPU.Build.0 = Debug|Any CPU
		{234D3124-6535-4C10-9305-256A1B6F91A0}.Release|Any CPU.ActiveCfg = Release|Any CPU
		{234D3124-6535-4C10-9305-256A1B6F91A0}.Release|Any CPU.Build.0 = Release|Any CPU
		{69515777-CDD9-4E07-917E-A9C36C49B7E0}.Debug|Any CPU.ActiveCfg = Debug|Any CPU
		{69515777-CDD9-4E07-917E-A9C36C49B7E0}.Debug|Any CPU.Build.0 = Debug|Any CPU
		{69515777-CDD9-4E07-917E-A9C36C49B7E0}.Release|Any CPU.ActiveCfg = Release|Any CPU
		{69515777-CDD9-4E07-917E-A9C36C49B7E0}.Release|Any CPU.Build.0 = Release|Any CPU
	EndGlobalSection
EndGlobal
